
Microsoft Visual Studio Solution File, Format Version 10.00
# Visual Studio 2008
Project("{8BC9CEB8-8B4A-11D0-8D11-00A0C91BC942}") = "arptest", "arptest.vcproj", "{113F048B-A8C7-433A-9D02-E9199D5A80E1}"
EndProject
Global
	GlobalSection(SolutionConfigurationPlatforms) = preSolution
		Debug|Win32 = Debug|Win32
		Release|Win32 = Release|Win32
	EndGlobalSection
	GlobalSection(ProjectConfigurationPlatforms) = postSolution
		{113F048B-A8C7-433A-9D02-E9199D5A80E1}.Debug|Win32.ActiveCfg = Debug|Win32
		{113F048B-A8C7-433A-9D02-E9199D5A80E1}.Debug|Win32.Build.0 = Debug|Win32
		{113F048B-A8C7-433A-9D02-E9199D5A80E1}.Release|Win32.ActiveCfg = Release|Win32
		{113F048B-A8C7-433A-9D02-E9199D5A80E1}.Release|Win32.Build.0 = Release|Win32
	EndGlobalSection
	GlobalSection(SolutionProperties) = preSolution
		HideSolutionNode = FALSE
	EndGlobalSection
EndGlobal
